
Microsoft Visual Studio Solution File, Format Version 12.00
# Visual Studio Version 16
VisualStudioVersion = 16.0.32510.428
MinimumVisualStudioVersion = 10.0.40219.1
Project("{FAE04EC0-301F-11D3-BF4B-00C04F79EFBC}") = "SalesWebMvc", "SalesWebMvc\SalesWebMvc.csproj", "{201C379C-6345-452D-8544-85AFE7EA0622}"
EndProject
Global
	GlobalSection(SolutionConfigurationPlatforms) = preSolution
		Debug|Any CPU = Debug|Any CPU
		Release|Any CPU = Release|Any CPU
	EndGlobalSection
	GlobalSection(ProjectConfigurationPlatforms) = postSolution
		{201C379C-6345-452D-8544-85AFE7EA0622}.Debug|Any CPU.ActiveCfg = Debug|Any CPU
		{201C379C-6345-452D-8544-85AFE7EA0622}.Debug|Any CPU.Build.0 = Debug|Any CPU
		{201C379C-6345-452D-8544-85AFE7EA0622}.Release|Any CPU.ActiveCfg = Release|Any CPU
		{201C379C-6345-452D-8544-85AFE7EA0622}.Release|Any CPU.Build.0 = Release|Any CPU
	EndGlobalSection
	GlobalSection(SolutionProperties) = preSolution
		HideSolutionNode = FALSE
	EndGlobalSection
	GlobalSection(ExtensibilityGlobals) = postSolution
		SolutionGuid = {9F1E7E96-0B45-4EF3-9721-ECED775CA1FD}
	EndGlobalSection
EndGlobal
